<?xml version="1.0" encoding="UTF-8"?>
<Scheme
   LastUpgradeVersion = "1340"
   wasCreatedForAppExtension = "YES"
   version = "2.0">
   <BuildAction
      parallelizeBuildables = "YES"
      buildImplicitDependencies = "YES">
      <BuildActionEntries>
         <BuildActionEntry
            buildForTesting = "YES"
            buildForRunning = "YES"
            buildForProfiling = "YES"
            buildForArchiving = "YES"
            buildForAnalyzing = "YES">
            <BuildableReference
               BuildableIdentifier = "primary"
               BlueprintIdentifier = "D3A9A3BE283A65BE006F3CE6"
               BuildableName = "SharePlace.appex"
               BlueprintName = "SharePlace"
               ReferencedContainer = "container:ViLog.xcodeproj">
            </BuildableReference>
         </BuildActionEntry>
         <BuildActionEntry
            buildForTesting = "YES"
            buildForRunning = "YES"
            buildForProfiling = "YES"
            buildForArchiving = "YES"
            buildForAnalyzing = "YES">
            <BuildableReference
               BuildableIdentifier = "primary"
               BlueprintIdentifier = "D3A9A388283A5C1B006F3CE6"
               BuildableName = "ViLog.app"
               BlueprintName = "ViLog"
               ReferencedContainer = "container:ViLog.xcodeproj">
            </BuildableReference>
         </BuildActionEntry>
      </BuildActionEntries>
   </BuildAction>
   <TestAction
      buildConfiguration = "Debug"
      selectedDebuggerIdentifier = "Xcode.DebuggerFoundation.Debugger.LLDB"
      selectedLauncherIdentifier = "Xcode.DebuggerFoundation.Launcher.LLDB"
      shouldUseLaunchSchemeArgsEnv = "YES">
      <Testables>
      </Testables>
   </TestAction>
   <LaunchAction
      buildConfiguration = "Debug"
      selectedDebuggerIdentifier = ""
      selectedLauncherIdentifier = "Xcode.IDEFoundation.Launcher.PosixSpawn"
      launchStyle = "0"
      askForAppToLaunch = "Yes"
      useCustomWorkingDirectory = "NO"
      ignoresPersistentStateOnLaunch = "NO"
      debugDocumentVersioning = "YES"
      debugServiceExtension = "internal"
      allowLocationSimulation = "YES"
      launchAutomaticallySubstyle = "2">
      <RemoteRunnable
         runnableDebuggingMode = "1"
         BundleIdentifier = "com.apple.Maps"
         RemotePath = "/var/containers/Bundle/Application/F7AE6EAF-2178-40F1-8B0F-D1AB9F423875/Maps.app">
      </RemoteRunnable>
      <MacroExpansion>
         <BuildableReference
            BuildableIdentifier = "primary"
            BlueprintIdentifier = "D3A9A388283A5C1B006F3CE6"
            BuildableName = "ViLog.app"
            BlueprintName = "ViLog"
            ReferencedContainer = "container:ViLog.xcodeproj">
         </BuildableReference>
      </MacroExpansion>
   </LaunchAction>
   <ProfileAction
      buildConfiguration = "Release"
      shouldUseLaunchSchemeArgsEnv = "YES"
      savedToolIdentifier = ""
      useCustomWorkingDirectory = "NO"
      debugDocumentVersioning = "YES"
      askForAppToLaunch = "Yes"
      launchAutomaticallySubstyle = "2">
      <BuildableProductRunnable
         runnableDebuggingMode = "0">
         <BuildableReference
            BuildableIdentifier = "primary"
            BlueprintIdentifier = "D3A9A388283A5C1B006F3CE6"
            BuildableName = "ViLog.app"
            BlueprintName = "ViLog"
            ReferencedContainer = "container:ViLog.xcodeproj">
         </BuildableReference>
      </BuildableProductRunnable>
   </ProfileAction>
   <AnalyzeAction
      buildConfiguration = "Debug">
   </AnalyzeAction>
   <ArchiveAction
      buildConfiguration = "Release"
      revealArchiveInOrganizer = "YES">
   </ArchiveAction>
</Scheme>
